
Microsoft Visual Studio Solution File, Format Version 12.00
# Visual Studio Version 16
VisualStudioVersion = 16.0.30517.126
MinimumVisualStudioVersion = 10.0.40219.1
Project("{FAE04EC0-301F-11D3-BF4B-00C04F79EFBC}") = "testproject", "testproject\testproject.csproj", "{CE52A19C-B81F-49E8-9A90-FA6ABE4E8C3D}"
EndProject
Global
	GlobalSection(SolutionConfigurationPlatforms) = preSolution
		Debug|Any CPU = Debug|Any CPU
		Release|Any CPU = Release|Any CPU
	EndGlobalSection
	GlobalSection(ProjectConfigurationPlatforms) = postSolution
		{CE52A19C-B81F-49E8-9A90-FA6ABE4E8C3D}.Debug|Any CPU.ActiveCfg = Debug|Any CPU
		{CE52A19C-B81F-49E8-9A90-FA6ABE4E8C3D}.Debug|Any CPU.Build.0 = Debug|Any CPU
		{CE52A19C-B81F-49E8-9A90-FA6ABE4E8C3D}.Release|Any CPU.ActiveCfg = Release|Any CPU
		{CE52A19C-B81F-49E8-9A90-FA6ABE4E8C3D}.Release|Any CPU.Build.0 = Release|Any CPU
	EndGlobalSection
	GlobalSection(SolutionProperties) = preSolution
		HideSolutionNode = FALSE
	EndGlobalSection
	GlobalSection(ExtensibilityGlobals) = postSolution
		SolutionGuid = {E02862CD-F9B7-4E5B-8A70-226AAB3B55D0}
	EndGlobalSection
EndGlobal
